
Microsoft Visual Studio Solution File, Format Version 12.00
# Visual Studio Version 17
VisualStudioVersion = 17.13.35825.156
MinimumVisualStudioVersion = 10.0.40219.1
Project("{8BC9CEB8-8B4A-11D0-8D11-00A0C91BC942}") = "STL", "STL\STL.vcxproj", "{E9448852-2194-4CB1-9B89-805937BD642C}"
EndProject
Project("{8BC9CEB8-8B4A-11D0-8D11-00A0C91BC942}") = "DAY1", "DAY1\DAY1.vcxproj", "{4834FE2B-8ECC-40FF-AB5D-16655CA12926}"
EndProject
Project("{8BC9CEB8-8B4A-11D0-8D11-00A0C91BC942}") = "DAY2", "DAY2\DAY2.vcxproj", "{B2F081BF-C346-4244-B0FD-D91341BAB7C6}"
EndProject
Project("{8BC9CEB8-8B4A-11D0-8D11-00A0C91BC942}") = "DAY3", "DAY3\DAY3.vcxproj", "{78C1D401-8AB2-4CE9-A3AD-4E62C7AAA56C}"
EndProject
Project("{8BC9CEB8-8B4A-11D0-8D11-00A0C91BC942}") = "DAY4", "DAY4\DAY4.vcxproj", "{8BAC588A-9C44-4259-BBF0-A4C2D8FF03D2}"
EndProject
Project("{8BC9CEB8-8B4A-11D0-8D11-00A0C91BC942}") = "DAY5", "DAY5\DAY5.vcxproj", "{54A89F01-F478-41DA-A37D-E616B25976CB}"
EndProject
Project("{8BC9CEB8-8B4A-11D0-8D11-00A0C91BC942}") = "DAY6", "DAY6\DAY6.vcxproj", "{86476DAF-C2A1-4EB0-B7EC-37E8FB6F1280}"
EndProject
Project("{8BC9CEB8-8B4A-11D0-8D11-00A0C91BC942}") = "DAY7", "DAY7\DAY7.vcxproj", "{4FFCF695-9ADE-4140-A16E-499B9CAD5982}"
EndProject
Project("{8BC9CEB8-8B4A-11D0-8D11-00A0C91BC942}") = "DAY8", "DAY8\DAY8.vcxproj", "{E8E224E0-623E-48DA-A4E0-3ED23C4BCECA}"
EndProject
Project("{8BC9CEB8-8B4A-11D0-8D11-00A0C91BC942}") = "DAY9", "DAY9\DAY9.vcxproj", "{2E782A02-7119-4444-B282-E640E1E06087}"
EndProject
Project("{8BC9CEB8-8B4A-11D0-8D11-00A0C91BC942}") = "DAY10", "DAY10\DAY10.vcxproj", "{6BDB5687-9FC9-4C6C-A185-0FF8DE4A123E}"
EndProject
Project("{8BC9CEB8-8B4A-11D0-8D11-00A0C91BC942}") = "DAY11", "DAY11\DAY11.vcxproj", "{B39B1861-336C-4633-9EC4-47A310861988}"
EndProject
Project("{8BC9CEB8-8B4A-11D0-8D11-00A0C91BC942}") = "DAY12", "DAY12\DAY12.vcxproj", "{234B8407-52E5-48B7-979A-7967FDAE858D}"
EndProject
Project("{8BC9CEB8-8B4A-11D0-8D11-00A0C91BC942}") = "DAY13", "DAY13\DAY13.vcxproj", "{348FFE40-47F9-4CAB-B060-FD46A935B7F2}"
EndProject
Project("{8BC9CEB8-8B4A-11D0-8D11-00A0C91BC942}") = "DAY14", "DAY14\DAY14.vcxproj", "{CD9908FE-AC3D-4114-B5F8-FDFBD76CE31E}"
EndProject
Project("{8BC9CEB8-8B4A-11D0-8D11-00A0C91BC942}") = "DAY15", "DAY15\DAY15.vcxproj", "{58BB3960-D90B-427F-B128-B8070662EFFE}"
EndProject
Global
	GlobalSection(SolutionConfigurationPlatforms) = preSolution
		Debug|x64 = Debug|x64
		Debug|x86 = Debug|x86
		Release|x64 = Release|x64
		Release|x86 = Release|x86
	EndGlobalSection
	GlobalSection(ProjectConfigurationPlatforms) = postSolution
		{E9448852-2194-4CB1-9B89-805937BD642C}.Debug|x64.ActiveCfg = Debug|x64
		{E9448852-2194-4CB1-9B89-805937BD642C}.Debug|x64.Build.0 = Debug|x64
		{E9448852-2194-4CB1-9B89-805937BD642C}.Debug|x86.ActiveCfg = Debug|Win32
		{E9448852-2194-4CB1-9B89-805937BD642C}.Debug|x86.Build.0 = Debug|Win32
		{E9448852-2194-4CB1-9B89-805937BD642C}.Release|x64.ActiveCfg = Release|x64
		{E9448852-2194-4CB1-9B89-805937BD642C}.Release|x64.Build.0 = Release|x64
		{E9448852-2194-4CB1-9B89-805937BD642C}.Release|x86.ActiveCfg = Release|Win32
		{E9448852-2194-4CB1-9B89-805937BD642C}.Release|x86.Build.0 = Release|Win32
		{4834FE2B-8ECC-40FF-AB5D-16655CA12926}.Debug|x64.ActiveCfg = Debug|x64
		{4834FE2B-8ECC-40FF-AB5D-16655CA12926}.Debug|x64.Build.0 = Debug|x64
		{4834FE2B-8ECC-40FF-AB5D-16655CA12926}.Debug|x86.ActiveCfg = Debug|Win32
		{4834FE2B-8ECC-40FF-AB5D-16655CA12926}.Debug|x86.Build.0 = Debug|Win32
		{4834FE2B-8ECC-40FF-AB5D-16655CA12926}.Release|x64.ActiveCfg = Release|x64
		{4834FE2B-8ECC-40FF-AB5D-16655CA12926}.Release|x64.Build.0 = Release|x64
		{4834FE2B-8ECC-40FF-AB5D-16655CA12926}.Release|x86.ActiveCfg = Release|Win32
		{4834FE2B-8ECC-40FF-AB5D-16655CA12926}.Release|x86.Build.0 = Release|Win32
		{B2F081BF-C346-4244-B0FD-D91341BAB7C6}.Debug|x64.ActiveCfg = Debug|x64
		{B2F081BF-C346-4244-B0FD-D91341BAB7C6}.Debug|x64.Build.0 = Debug|x64
		{B2F081BF-C346-4244-B0FD-D91341BAB7C6}.Debug|x86.ActiveCfg = Debug|Win32
		{B2F081BF-C346-4244-B0FD-D91341BAB7C6}.Debug|x86.Build.0 = Debug|Win32
		{B2F081BF-C346-4244-B0FD-D91341BAB7C6}.Release|x64.ActiveCfg = Release|x64
		{B2F081BF-C346-4244-B0FD-D91341BAB7C6}.Release|x64.Build.0 = Release|x64
		{B2F081BF-C346-4244-B0FD-D91341BAB7C6}.Release|x86.ActiveCfg = Release|Win32
		{B2F081BF-C346-4244-B0FD-D91341BAB7C6}.Release|x86.Build.0 = Release|Win32
		{78C1D401-8AB2-4CE9-A3AD-4E62C7AAA56C}.Debug|x64.ActiveCfg = Debug|x64
		{78C1D401-8AB2-4CE9-A3AD-4E62C7AAA56C}.Debug|x64.Build.0 = Debug|x64
		{78C1D401-8AB2-4CE9-A3AD-4E62C7AAA56C}.Debug|x86.ActiveCfg = Debug|Win32
		{78C1D401-8AB2-4CE9-A3AD-4E62C7AAA56C}.Debug|x86.Build.0 = Debug|Win32
		{78C1D401-8AB2-4CE9-A3AD-4E62C7AAA56C}.Release|x64.ActiveCfg = Release|x64
		{78C1D401-8AB2-4CE9-A3AD-4E62C7AAA56C}.Release|x64.Build.0 = Release|x64
		{78C1D401-8AB2-4CE9-A3AD-4E62C7AAA56C}.Release|x86.ActiveCfg = Release|Win32
		{78C1D401-8AB2-4CE9-A3AD-4E62C7AAA56C}.Release|x86.Build.0 = Release|Win32
		{8BAC588A-9C44-4259-BBF0-A4C2D8FF03D2}.Debug|x64.ActiveCfg = Debug|x64
		{8BAC588A-9C44-4259-BBF0-A4C2D8FF03D2}.Debug|x64.Build.0 = Debug|x64
		{8BAC588A-9C44-4259-BBF0-A4C2D8FF03D2}.Debug|x86.ActiveCfg = Debug|Win32
		{8BAC588A-9C44-4259-BBF0-A4C2D8FF03D2}.Debug|x86.Build.0 = Debug|Win32
		{8BAC588A-9C44-4259-BBF0-A4C2D8FF03D2}.Release|x64.ActiveCfg = Release|x64
		{8BAC588A-9C44-4259-BBF0-A4C2D8FF03D2}.Release|x64.Build.0 = Release|x64
		{8BAC588A-9C44-4259-BBF0-A4C2D8FF03D2}.Release|x86.ActiveCfg = Release|Win32
		{8BAC588A-9C44-4259-BBF0-A4C2D8FF03D2}.Release|x86.Build.0 = Release|Win32
		{54A89F01-F478-41DA-A37D-E616B25976CB}.Debug|x64.ActiveCfg = Debug|x64
		{54A89F01-F478-41DA-A37D-E616B25976CB}.Debug|x64.Build.0 = Debug|x64
		{54A89F01-F478-41DA-A37D-E616B25976CB}.Debug|x86.ActiveCfg = Debug|Win32
		{54A89F01-F478-41DA-A37D-E616B25976CB}.Debug|x86.Build.0 = Debug|Win32
		{54A89F01-F478-41DA-A37D-E616B25976CB}.Release|x64.ActiveCfg = Release|x64
		{54A89F01-F478-41DA-A37D-E616B25976CB}.Release|x64.Build.0 = Release|x64
		{54A89F01-F478-41DA-A37D-E616B25976CB}.Release|x86.ActiveCfg = Release|Win32
		{54A89F01-F478-41DA-A37D-E616B25976CB}.Release|x86.Build.0 = Release|Win32
		{86476DAF-C2A1-4EB0-B7EC-37E8FB6F1280}.Debug|x64.ActiveCfg = Debug|x64
		{86476DAF-C2A1-4EB0-B7EC-37E8FB6F1280}.Debug|x64.Build.0 = Debug|x64
		{86476DAF-C2A1-4EB0-B7EC-37E8FB6F1280}.Debug|x86.ActiveCfg = Debug|Win32
		{86476DAF-C2A1-4EB0-B7EC-37E8FB6F1280}.Debug|x86.Build.0 = Debug|Win32
		{86476DAF-C2A1-4EB0-B7EC-37E8FB6F1280}.Release|x64.ActiveCfg = Release|x64
		{86476DAF-C2A1-4EB0-B7EC-37E8FB6F1280}.Release|x64.Build.0 = Release|x64
		{86476DAF-C2A1-4EB0-B7EC-37E8FB6F1280}.Release|x86.ActiveCfg = Release|Win32
		{86476DAF-C2A1-4EB0-B7EC-37E8FB6F1280}.Release|x86.Build.0 = Release|Win32
		{4FFCF695-9ADE-4140-A16E-499B9CAD5982}.Debug|x64.ActiveCfg = Debug|x64
		{4FFCF695-9ADE-4140-A16E-499B9CAD5982}.Debug|x64.Build.0 = Debug|x64
		{4FFCF695-9ADE-4140-A16E-499B9CAD5982}.Debug|x86.ActiveCfg = Debug|Win32
		{4FFCF695-9ADE-4140-A16E-499B9CAD5982}.Debug|x86.Build.0 = Debug|Win32
		{4FFCF695-9ADE-4140-A16E-499B9CAD5982}.Release|x64.ActiveCfg = Release|x64
		{4FFCF695-9ADE-4140-A16E-499B9CAD5982}.Release|x64.Build.0 = Release|x64
		{4FFCF695-9ADE-4140-A16E-499B9CAD5982}.Release|x86.ActiveCfg = Release|Win32
		{4FFCF695-9ADE-4140-A16E-499B9CAD5982}.Release|x86.Build.0 = Release|Win32
		{E8E224E0-623E-48DA-A4E0-3ED23C4BCECA}.Debug|x64.ActiveCfg = Debug|x64
		{E8E224E0-623E-48DA-A4E0-3ED23C4BCECA}.Debug|x64.Build.0 = Debug|x64
		{E8E224E0-623E-48DA-A4E0-3ED23C4BCECA}.Debug|x86.ActiveCfg = Debug|Win32
		{E8E224E0-623E-48DA-A4E0-3ED23C4BCECA}.Debug|x86.Build.0 = Debug|Win32
		{E8E224E0-623E-48DA-A4E0-3ED23C4BCECA}.Release|x64.ActiveCfg = Release|x64
		{E8E224E0-623E-48DA-A4E0-3ED23C4BCECA}.Release|x64.Build.0 = Release|x64
		{E8E224E0-623E-48DA-A4E0-3ED23C4BCECA}.Release|x86.ActiveCfg = Release|Win32
		{E8E224E0-623E-48DA-A4E0-3ED23C4BCECA}.Release|x86.Build.0 = Release|Win32
		{2E782A02-7119-4444-B282-E640E1E06087}.Debug|x64.ActiveCfg = Debug|x64
		{2E782A02-7119-4444-B282-E640E1E06087}.Debug|x64.Build.0 = Debug|x64
		{2E782A02-7119-4444-B282-E640E1E06087}.Debug|x86.ActiveCfg = Debug|Win32
		{2E782A02-7119-4444-B282-E640E1E06087}.Debug|x86.Build.0 = Debug|Win32
		{2E782A02-7119-4444-B282-E640E1E06087}.Release|x64.ActiveCfg = Release|x64
		{2E782A02-7119-4444-B282-E640E1E06087}.Release|x64.Build.0 = Release|x64
		{2E782A02-7119-4444-B282-E640E1E06087}.Release|x86.ActiveCfg = Release|Win32
		{2E782A02-7119-4444-B282-E640E1E06087}.Release|x86.Build.0 = Release|Win32
		{6BDB5687-9FC9-4C6C-A185-0FF8DE4A123E}.Debug|x64.ActiveCfg = Debug|x64
		{6BDB5687-9FC9-4C6C-A185-0FF8DE4A123E}.Debug|x64.Build.0 = Debug|x64
		{6BDB5687-9FC9-4C6C-A185-0FF8DE4A123E}.Debug|x86.ActiveCfg = Debug|Win32
		{6BDB5687-9FC9-4C6C-A185-0FF8DE4A123E}.Debug|x86.Build.0 = Debug|Win32
		{6BDB5687-9FC9-4C6C-A185-0FF8DE4A123E}.Release|x64.ActiveCfg = Release|x64
		{6BDB5687-9FC9-4C6C-A185-0FF8DE4A123E}.Release|x64.Build.0 = Release|x64
		{6BDB5687-9FC9-4C6C-A185-0FF8DE4A123E}.Release|x86.ActiveCfg = Release|Win32
		{6BDB5687-9FC9-4C6C-A185-0FF8DE4A123E}.Release|x86.Build.0 = Release|Win32
		{B39B1861-336C-4633-9EC4-47A310861988}.Debug|x64.ActiveCfg = Debug|x64
		{B39B1861-336C-4633-9EC4-47A310861988}.Debug|x64.Build.0 = Debug|x64
		{B39B1861-336C-4633-9EC4-47A310861988}.Debug|x86.ActiveCfg = Debug|Win32
		{B39B1861-336C-4633-9EC4-47A310861988}.Debug|x86.Build.0 = Debug|Win32
		{B39B1861-336C-4633-9EC4-47A310861988}.Release|x64.ActiveCfg = Release|x64
		{B39B1861-336C-4633-9EC4-47A310861988}.Release|x64.Build.0 = Release|x64
		{B39B1861-336C-4633-9EC4-47A310861988}.Release|x86.ActiveCfg = Release|Win32
		{B39B1861-336C-4633-9EC4-47A310861988}.Release|x86.Build.0 = Release|Win32
		{234B8407-52E5-48B7-979A-7967FDAE858D}.Debug|x64.ActiveCfg = Debug|x64
		{234B8407-52E5-48B7-979A-7967FDAE858D}.Debug|x64.Build.0 = Debug|x64
		{234B8407-52E5-48B7-979A-7967FDAE858D}.Debug|x86.ActiveCfg = Debug|Win32
		{234B8407-52E5-48B7-979A-7967FDAE858D}.Debug|x86.Build.0 = Debug|Win32
		{234B8407-52E5-48B7-979A-7967FDAE858D}.Release|x64.ActiveCfg = Release|x64
		{234B8407-52E5-48B7-979A-7967FDAE858D}.Release|x64.Build.0 = Release|x64
		{234B8407-52E5-48B7-979A-7967FDAE858D}.Release|x86.ActiveCfg = Release|Win32
		{234B8407-52E5-48B7-979A-7967FDAE858D}.Release|x86.Build.0 = Release|Win32
		{348FFE40-47F9-4CAB-B060-FD46A935B7F2}.Debug|x64.ActiveCfg = Debug|x64
		{348FFE40-47F9-4CAB-B060-FD46A935B7F2}.Debug|x64.Build.0 = Debug|x64
		{348FFE40-47F9-4CAB-B060-FD46A935B7F2}.Debug|x86.ActiveCfg = Debug|Win32
		{348FFE40-47F9-4CAB-B060-FD46A935B7F2}.Debug|x86.Build.0 = Debug|Win32
		{348FFE40-47F9-4CAB-B060-FD46A935B7F2}.Release|x64.ActiveCfg = Release|x64
		{348FFE40-47F9-4CAB-B060-FD46A935B7F2}.Release|x64.Build.0 = Release|x64
		{348FFE40-47F9-4CAB-B060-FD46A935B7F2}.Release|x86.ActiveCfg = Release|Win32
		{348FFE40-47F9-4CAB-B060-FD46A935B7F2}.Release|x86.Build.0 = Release|Win32
		{CD9908FE-AC3D-4114-B5F8-FDFBD76CE31E}.Debug|x64.ActiveCfg = Debug|x64
		{CD9908FE-AC3D-4114-B5F8-FDFBD76CE31E}.Debug|x64.Build.0 = Debug|x64
		{CD9908FE-AC3D-4114-B5F8-FDFBD76CE31E}.Debug|x86.ActiveCfg = Debug|Win32
		{CD9908FE-AC3D-4114-B5F8-FDFBD76CE31E}.Debug|x86.Build.0 = Debug|Win32
		{CD9908FE-AC3D-4114-B5F8-FDFBD76CE31E}.Release|x64.ActiveCfg = Release|x64
		{CD9908FE-AC3D-4114-B5F8-FDFBD76CE31E}.Release|x64.Build.0 = Release|x64
		{CD9908FE-AC3D-4114-B5F8-FDFBD76CE31E}.Release|x86.ActiveCfg = Release|Win32
		{CD9908FE-AC3D-4114-B5F8-FDFBD76CE31E}.Release|x86.Build.0 = Release|Win32
		{58BB3960-D90B-427F-B128-B8070662EFFE}.Debug|x64.ActiveCfg = Debug|x64
		{58BB3960-D90B-427F-B128-B8070662EFFE}.Debug|x64.Build.0 = Debug|x64
		{58BB3960-D90B-427F-B128-B8070662EFFE}.Debug|x86.ActiveCfg = Debug|Win32
		{58BB3960-D90B-427F-B128-B8070662EFFE}.Debug|x86.Build.0 = Debug|Win32
		{58BB3960-D90B-427F-B128-B8070662EFFE}.Release|x64.ActiveCfg = Release|x64
		{58BB3960-D90B-427F-B128-B8070662EFFE}.Release|x64.Build.0 = Release|x64
		{58BB3960-D90B-427F-B128-B8070662EFFE}.Release|x86.ActiveCfg = Release|Win32
		{58BB3960-D90B-427F-B128-B8070662EFFE}.Release|x86.Build.0 = Release|Win32
	EndGlobalSection
	GlobalSection(SolutionProperties) = preSolution
		HideSolutionNode = FALSE
	EndGlobalSection
	GlobalSection(ExtensibilityGlobals) = postSolution
		SolutionGuid = {B027B00C-1DC9-4B7F-A17D-3A9D57DB2AF7}
	EndGlobalSection
EndGlobal
